// !$*UTF8*$!
{
	archiveVersion = 1;
	classes = {
	};
	objectVersion = 77;
	objects = {

/* Begin PBXBuildFile section */
		D0AC71E32F7D1C2F0088575B /* GRDB in Frameworks */ = {isa = PBXBuildFile; productRef = A0AC00022F7D0D180088575B /* GRDB */; };
		D0AC71F02F7D2A000088575B /* Sparkle in Frameworks */ = {isa = PBXBuildFile; productRef = D0AC71EF2F7D2A000088575B /* Sparkle */; };
/* End PBXBuildFile section */

/* Begin PBXContainerItemProxy section */
		D0AC712D2F7D0D180088575B /* PBXContainerItemProxy */ = {
			isa = PBXContainerItemProxy;
			containerPortal = D0AC71172F7D0D170088575B /* Project object */;
			proxyType = 1;
			remoteGlobalIDString = D0AC711E2F7D0D170088575B;
			remoteInfo = OpenPaste;
		};
		D0AC71372F7D0D180088575B /* PBXContainerItemProxy */ = {
			isa = PBXContainerItemProxy;
			containerPortal = D0AC71172F7D0D170088575B /* Project object */;
			proxyType = 1;
			remoteGlobalIDString = D0AC711E2F7D0D170088575B;
			remoteInfo = OpenPaste;
		};
/* End PBXContainerItemProxy section */

/* Begin PBXFileReference section */
		D0AC711F2F7D0D170088575B /* OpenPaste.app */ = {isa = PBXFileReference; explicitFileType = wrapper.application; includeInIndex = 0; path = OpenPaste.app; sourceTree = BUILT_PRODUCTS_DIR; };
		D0AC712C2F7D0D180088575B /* OpenPasteTests.xctest */ = {isa = PBXFileReference; explicitFileType = wrapper.cfbundle; includeInIndex = 0; path = OpenPasteTests.xctest; sourceTree = BUILT_PRODUCTS_DIR; };
		D0AC71362F7D0D180088575B /* OpenPasteUITests.xctest */ = {isa = PBXFileReference; explicitFileType = wrapper.cfbundle; includeInIndex = 0; path = OpenPasteUITests.xctest; sourceTree = BUILT_PRODUCTS_DIR; };
/* End PBXFileReference section */

/* Begin PBXFileSystemSynchronizedRootGroup section */
		D0AC71212F7D0D170088575B /* OpenPaste */ = {
			isa = PBXFileSystemSynchronizedRootGroup;
			path = OpenPaste;
			sourceTree = "<group>";
		};
		D0AC712F2F7D0D180088575B /* OpenPasteTests */ = {
			isa = PBXFileSystemSynchronizedRootGroup;
			path = OpenPasteTests;
			sourceTree = "<group>";
		};
		D0AC71392F7D0D180088575B /* OpenPasteUITests */ = {
			isa = PBXFileSystemSynchronizedRootGroup;
			path = OpenPasteUITests;
			sourceTree = "<group>";
		};
/* End PBXFileSystemSynchronizedRootGroup section */

/* Begin PBXFrameworksBuildPhase section */
		D0AC711C2F7D0D170088575B /* Frameworks */ = {
			isa = PBXFrameworksBuildPhase;
			buildActionMask = 2147483647;
			files = (
				D0AC71E32F7D1C2F0088575B /* GRDB in Frameworks */,
				D0AC71F02F7D2A000088575B /* Sparkle in Frameworks */,
			);
			runOnlyForDeploymentPostprocessing = 0;
		};
		D0AC71292F7D0D180088575B /* Frameworks */ = {
			isa = PBXFrameworksBuildPhase;
			buildActionMask = 2147483647;
			files = (
			);
			runOnlyForDeploymentPostprocessing = 0;
		};
		D0AC71332F7D0D180088575B /* Frameworks */ = {
			isa = PBXFrameworksBuildPhase;
			buildActionMask = 2147483647;
			files = (
			);
			runOnlyForDeploymentPostprocessing = 0;
		};
/* End PBXFrameworksBuildPhase section */

/* Begin PBXGroup section */
		D0AC71162F7D0D170088575B = {
			isa = PBXGroup;
			children = (
				D0AC71212F7D0D170088575B /* OpenPaste */,
				D0AC712F2F7D0D180088575B /* OpenPasteTests */,
				D0AC71392F7D0D180088575B /* OpenPasteUITests */,
				D0AC71202F7D0D170088575B /* Products */,
			);
			sourceTree = "<group>";
		};
		D0AC71202F7D0D170088575B /* Products */ = {
			isa = PBXGroup;
			children = (
				D0AC711F2F7D0D170088575B /* OpenPaste.app */,
				D0AC712C2F7D0D180088575B /* OpenPasteTests.xctest */,
				D0AC71362F7D0D180088575B /* OpenPasteUITests.xctest */,
			);
			name = Products;
			sourceTree = "<group>";
		};
/* End PBXGroup section */

/* Begin PBXNativeTarget section */
		D0AC711E2F7D0D170088575B /* OpenPaste */ = {
			isa = PBXNativeTarget;
			buildConfigurationList = D0AC71402F7D0D180088575B /* Build configuration list for PBXNativeTarget "OpenPaste" */;
			buildPhases = (
				D0AC711B2F7D0D170088575B /* Sources */,
				D0AC711C2F7D0D170088575B /* Frameworks */,
				D0AC711D2F7D0D170088575B /* Resources */,
			);
			buildRules = (
			);
			dependencies = (
			);
			fileSystemSynchronizedGroups = (
				D0AC71212F7D0D170088575B /* OpenPaste */,
			);
			name = OpenPaste;
			packageProductDependencies = (
				A0AC00022F7D0D180088575B /* GRDB */,
				D0AC71EF2F7D2A000088575B /* Sparkle */,
			);
			productName = OpenPaste;
			productReference = D0AC711F2F7D0D170088575B /* OpenPaste.app */;
			productType = "com.apple.product-type.application";
		};
		D0AC712B2F7D0D180088575B /* OpenPasteTests */ = {
			isa = PBXNativeTarget;
			buildConfigurationList = D0AC71432F7D0D180088575B /* Build configuration list for PBXNativeTarget "OpenPasteTests" */;
			buildPhases = (
				D0AC71282F7D0D180088575B /* Sources */,
				D0AC71292F7D0D180088575B /* Frameworks */,
				D0AC712A2F7D0D180088575B /* Resources */,
			);
			buildRules = (
			);
			dependencies = (
				D0AC712E2F7D0D180088575B /* PBXTargetDependency */,
			);
			fileSystemSynchronizedGroups = (
				D0AC712F2F7D0D180088575B /* OpenPasteTests */,
			);
			name = OpenPasteTests;
			packageProductDependencies = (
			);
			productName = OpenPasteTests;
			productReference = D0AC712C2F7D0D180088575B /* OpenPasteTests.xctest */;
			productType = "com.apple.product-type.bundle.unit-test";
		};
		D0AC71352F7D0D180088575B /* OpenPasteUITests */ = {
			isa = PBXNativeTarget;
			buildConfigurationList = D0AC71462F7D0D180088575B /* Build configuration list for PBXNativeTarget "OpenPasteUITests" */;
			buildPhases = (
				D0AC71322F7D0D180088575B /* Sources */,
				D0AC71332F7D0D180088575B /* Frameworks */,
				D0AC71342F7D0D180088575B /* Resources */,
			);
			buildRules = (
			);
			dependencies = (
				D0AC71382F7D0D180088575B /* PBXTargetDependency */,
			);
			fileSystemSynchronizedGroups = (
				D0AC71392F7D0D180088575B /* OpenPasteUITests */,
			);
			name = OpenPasteUITests;
			packageProductDependencies = (
			);
			productName = OpenPasteUITests;
			productReference = D0AC71362F7D0D180088575B /* OpenPasteUITests.xctest */;
			productType = "com.apple.product-type.bundle.ui-testing";
		};
/* End PBXNativeTarget section */

/* Begin PBXProject section */
		D0AC71172F7D0D170088575B /* Project object */ = {
			isa = PBXProject;
			attributes = {
				BuildIndependentTargetsInParallel = 1;
				LastSwiftUpdateCheck = 2640;
				LastUpgradeCheck = 2640;
				TargetAttributes = {
					D0AC711E2F7D0D170088575B = {
						CreatedOnToolsVersion = 26.4;
					};
					D0AC712B2F7D0D180088575B = {
						CreatedOnToolsVersion = 26.4;
						TestTargetID = D0AC711E2F7D0D170088575B;
					};
					D0AC71352F7D0D180088575B = {
						CreatedOnToolsVersion = 26.4;
						TestTargetID = D0AC711E2F7D0D170088575B;
					};
				};
			};
			buildConfigurationList = D0AC711A2F7D0D170088575B /* Build configuration list for PBXProject "OpenPaste" */;
			developmentRegion = en;
			hasScannedForEncodings = 0;
			knownRegions = (
				en,
				Base,
			);
			mainGroup = D0AC71162F7D0D170088575B;
			minimizedProjectReferenceProxies = 1;
			packageReferences = (
				A0AC00012F7D0D180088575B /* XCRemoteSwiftPackageReference "GRDB.swift" */,
				D0AC71EE2F7D2A000088575B /* XCRemoteSwiftPackageReference "Sparkle" */,
			);
			preferredProjectObjectVersion = 77;
			productRefGroup = D0AC71202F7D0D170088575B /* Products */;
			projectDirPath = "";
			projectRoot = "";
			targets = (
				D0AC711E2F7D0D170088575B /* OpenPaste */,
				D0AC712B2F7D0D180088575B /* OpenPasteTests */,
				D0AC71352F7D0D180088575B /* OpenPasteUITests */,
			);
		};
/* End PBXProject section */

/* Begin PBXResourcesBuildPhase section */
		D0AC711D2F7D0D170088575B /* Resources */ = {
			isa = PBXResourcesBuildPhase;
			buildActionMask = 2147483647;
			files = (
			);
			runOnlyForDeploymentPostprocessing = 0;
		};
		D0AC712A2F7D0D180088575B /* Resources */ = {
			isa = PBXResourcesBuildPhase;
			buildActionMask = 2147483647;
			files = (
			);
			runOnlyForDeploymentPostprocessing = 0;
		};
		D0AC71342F7D0D180088575B /* Resources */ = {
			isa = PBXResourcesBuildPhase;
			buildActionMask = 2147483647;
			files = (
			);
			runOnlyForDeploymentPostprocessing = 0;
		};
/* End PBXResourcesBuildPhase section */

/* Begin PBXSourcesBuildPhase section */
		D0AC711B2F7D0D170088575B /* Sources */ = {
			isa = PBXSourcesBuildPhase;
			buildActionMask = 2147483647;
			files = (
			);
			runOnlyForDeploymentPostprocessing = 0;
		};
		D0AC71282F7D0D180088575B /* Sources */ = {
			isa = PBXSourcesBuildPhase;
			buildActionMask = 2147483647;
			files = (
			);
			runOnlyForDeploymentPostprocessing = 0;
		};
		D0AC71322F7D0D180088575B /* Sources */ = {
			isa = PBXSourcesBuildPhase;
			buildActionMask = 2147483647;
			files = (
			);
			runOnlyForDeploymentPostprocessing = 0;
		};
/* End PBXSourcesBuildPhase section */

/* Begin PBXTargetDependency section */
		D0AC712E2F7D0D180088575B /* PBXTargetDependency */ = {
			isa = PBXTargetDependency;
			target = D0AC711E2F7D0D170088575B /* OpenPaste */;
			targetProxy = D0AC712D2F7D0D180088575B /* PBXContainerItemProxy */;
		};
		D0AC71382F7D0D180088575B /* PBXTargetDependency */ = {
			isa = PBXTargetDependency;
			target = D0AC711E2F7D0D170088575B /* OpenPaste */;
			targetProxy = D0AC71372F7D0D180088575B /* PBXContainerItemProxy */;
		};
/* End PBXTargetDependency section */

/* Begin XCBuildConfiguration section */
		D0AC713E2F7D0D180088575B /* Debug */ = {
			isa = XCBuildConfiguration;
			buildSettings = {
				ALWAYS_SEARCH_USER_PATHS = NO;
				ASSETCATALOG_COMPILER_GENERATE_SWIFT_ASSET_SYMBOL_EXTENSIONS = YES;
				CLANG_ANALYZER_NONNULL = YES;
				CLANG_ANALYZER_NUMBER_OBJECT_CONVERSION = YES_AGGRESSIVE;
				CLANG_CXX_LANGUAGE_STANDARD = "gnu++20";
				CLANG_ENABLE_MODULES = YES;
				CLANG_ENABLE_OBJC_ARC = YES;
				CLANG_ENABLE_OBJC_WEAK = YES;
				CLANG_WARN_BLOCK_CAPTURE_AUTORELEASING = YES;
				CLANG_WARN_BOOL_CONVERSION = YES;
				CLANG_WARN_COMMA = YES;
				CLANG_WARN_CONSTANT_CONVERSION = YES;
				CLANG_WARN_DEPRECATED_OBJC_IMPLEMENTATIONS = YES;
				CLANG_WARN_DIRECT_OBJC_ISA_USAGE = YES_ERROR;
				CLANG_WARN_DOCUMENTATION_COMMENTS = YES;
				CLANG_WARN_EMPTY_BODY = YES;
				CLANG_WARN_ENUM_CONVERSION = YES;
				CLANG_WARN_INFINITE_RECURSION = YES;
				CLANG_WARN_INT_CONVERSION = YES;
				CLANG_WARN_NON_LITERAL_NULL_CONVERSION = YES;
				CLANG_WARN_OBJC_IMPLICIT_RETAIN_SELF = YES;
				CLANG_WARN_OBJC_LITERAL_CONVERSION = YES;
				CLANG_WARN_OBJC_ROOT_CLASS = YES_ERROR;
				CLANG_WARN_QUOTED_INCLUDE_IN_FRAMEWORK_HEADER = YES;
				CLANG_WARN_RANGE_LOOP_ANALYSIS = YES;
				CLANG_WARN_STRICT_PROTOTYPES = YES;
				CLANG_WARN_SUSPICIOUS_MOVE = YES;
				CLANG_WARN_UNGUARDED_AVAILABILITY = YES_AGGRESSIVE;
				CLANG_WARN_UNREACHABLE_CODE = YES;
				CLANG_WARN__DUPLICATE_METHOD_MATCH = YES;
				COPY_PHASE_STRIP = NO;
				DEBUG_INFORMATION_FORMAT = dwarf;
				DEVELOPMENT_TEAM = VGQU7EVXZV;
				ENABLE_STRICT_OBJC_MSGSEND = YES;
				ENABLE_TESTABILITY = YES;
				ENABLE_USER_SCRIPT_SANDBOXING = YES;
				GCC_C_LANGUAGE_STANDARD = gnu17;
				GCC_DYNAMIC_NO_PIC = NO;
				GCC_NO_COMMON_BLOCKS = YES;
				GCC_OPTIMIZATION_LEVEL = 0;
				GCC_PREPROCESSOR_DEFINITIONS = (
					"DEBUG=1",
					"$(inherited)",
				);
				GCC_WARN_64_TO_32_BIT_CONVERSION = YES;
				GCC_WARN_ABOUT_RETURN_TYPE = YES_ERROR;
				GCC_WARN_UNDECLARED_SELECTOR = YES;
				GCC_WARN_UNINITIALIZED_AUTOS = YES_AGGRESSIVE;
				GCC_WARN_UNUSED_FUNCTION = YES;
				GCC_WARN_UNUSED_VARIABLE = YES;
				LOCALIZATION_PREFERS_STRING_CATALOGS = YES;
				MACOSX_DEPLOYMENT_TARGET = 15.0;
				MTL_ENABLE_DEBUG_INFO = INCLUDE_SOURCE;
				MTL_FAST_MATH = YES;
				ONLY_ACTIVE_ARCH = YES;
				SDKROOT = macosx;
				SWIFT_ACTIVE_COMPILATION_CONDITIONS = "DEBUG $(inherited)";
				SWIFT_OPTIMIZATION_LEVEL = "-Onone";
			};
			name = Debug;
		};
		D0AC713F2F7D0D180088575B /* Release */ = {
			isa = XCBuildConfiguration;
			buildSettings = {
				ALWAYS_SEARCH_USER_PATHS = NO;
				ASSETCATALOG_COMPILER_GENERATE_SWIFT_ASSET_SYMBOL_EXTENSIONS = YES;
				CLANG_ANALYZER_NONNULL = YES;
				CLANG_ANALYZER_NUMBER_OBJECT_CONVERSION = YES_AGGRESSIVE;
				CLANG_CXX_LANGUAGE_STANDARD = "gnu++20";
				CLANG_ENABLE_MODULES = YES;
				CLANG_ENABLE_OBJC_ARC = YES;
				CLANG_ENABLE_OBJC_WEAK = YES;
				CLANG_WARN_BLOCK_CAPTURE_AUTORELEASING = YES;
				CLANG_WARN_BOOL_CONVERSION = YES;
				CLANG_WARN_COMMA = YES;
				CLANG_WARN_CONSTANT_CONVERSION = YES;
				CLANG_WARN_DEPRECATED_OBJC_IMPLEMENTATIONS = YES;
				CLANG_WARN_DIRECT_OBJC_ISA_USAGE = YES_ERROR;
				CLANG_WARN_DOCUMENTATION_COMMENTS = YES;
				CLANG_WARN_EMPTY_BODY = YES;
				CLANG_WARN_ENUM_CONVERSION = YES;
				CLANG_WARN_INFINITE_RECURSION = YES;
				CLANG_WARN_INT_CONVERSION = YES;
				CLANG_WARN_NON_LITERAL_NULL_CONVERSION = YES;
				CLANG_WARN_OBJC_IMPLICIT_RETAIN_SELF = YES;
				CLANG_WARN_OBJC_LITERAL_CONVERSION = YES;
				CLANG_WARN_OBJC_ROOT_CLASS = YES_ERROR;
				CLANG_WARN_QUOTED_INCLUDE_IN_FRAMEWORK_HEADER = YES;
				CLANG_WARN_RANGE_LOOP_ANALYSIS = YES;
				CLANG_WARN_STRICT_PROTOTYPES = YES;
				CLANG_WARN_SUSPICIOUS_MOVE = YES;
				CLANG_WARN_UNGUARDED_AVAILABILITY = YES_AGGRESSIVE;
				CLANG_WARN_UNREACHABLE_CODE = YES;
				CLANG_WARN__DUPLICATE_METHOD_MATCH = YES;
				COPY_PHASE_STRIP = NO;
				DEBUG_INFORMATION_FORMAT = "dwarf-with-dsym";
				DEVELOPMENT_TEAM = VGQU7EVXZV;
				ENABLE_NS_ASSERTIONS = NO;
				ENABLE_STRICT_OBJC_MSGSEND = YES;
				ENABLE_USER_SCRIPT_SANDBOXING = YES;
				GCC_C_LANGUAGE_STANDARD = gnu17;
				GCC_NO_COMMON_BLOCKS = YES;
				GCC_WARN_64_TO_32_BIT_CONVERSION = YES;
				GCC_WARN_ABOUT_RETURN_TYPE = YES_ERROR;
				GCC_WARN_UNDECLARED_SELECTOR = YES;
				GCC_WARN_UNINITIALIZED_AUTOS = YES_AGGRESSIVE;
				GCC_WARN_UNUSED_FUNCTION = YES;
				GCC_WARN_UNUSED_VARIABLE = YES;
				LOCALIZATION_PREFERS_STRING_CATALOGS = YES;
				MACOSX_DEPLOYMENT_TARGET = 15.0;
				MTL_ENABLE_DEBUG_INFO = NO;
				MTL_FAST_MATH = YES;
				SDKROOT = macosx;
				SWIFT_COMPILATION_MODE = wholemodule;
			};
			name = Release;
		};
		D0AC71412F7D0D180088575B /* Debug */ = {
			isa = XCBuildConfiguration;
			buildSettings = {
				ASSETCATALOG_COMPILER_APPICON_NAME = AppIcon;
				ASSETCATALOG_COMPILER_GLOBAL_ACCENT_COLOR_NAME = AccentColor;
				CODE_SIGN_ENTITLEMENTS = OpenPaste/OpenPaste.entitlements;
				CODE_SIGN_STYLE = Automatic;
				COMBINE_HIDPI_IMAGES = YES;
				CURRENT_PROJECT_VERSION = 1.1.2;
				DEVELOPMENT_TEAM = VGQU7EVXZV;
				ENABLE_APP_SANDBOX = YES;
				ENABLE_HARDENED_RUNTIME = YES;
				ENABLE_PREVIEWS = YES;
				ENABLE_USER_SELECTED_FILES = readonly;
				GENERATE_INFOPLIST_FILE = YES;
				INFOPLIST_FILE = OpenPaste/Info.plist;
				INFOPLIST_KEY_NSHumanReadableCopyright = "";
				LD_RUNPATH_SEARCH_PATHS = (
					"$(inherited)",
					"@executable_path/../Frameworks",
				);
				MARKETING_VERSION = 1.1.2;
				PRODUCT_BUNDLE_IDENTIFIER = dev.tuanle.OpenPaste;
				PRODUCT_NAME = "$(TARGET_NAME)";
				REGISTER_APP_GROUPS = YES;
				STRING_CATALOG_GENERATE_SYMBOLS = YES;
				SWIFT_APPROACHABLE_CONCURRENCY = YES;
				SWIFT_DEFAULT_ACTOR_ISOLATION = MainActor;
				SWIFT_EMIT_LOC_STRINGS = YES;
				SWIFT_UPCOMING_FEATURE_MEMBER_IMPORT_VISIBILITY = YES;
				SWIFT_VERSION = 5.0;
			};
			name = Debug;
		};
		D0AC71422F7D0D180088575B /* Release */ = {
			isa = XCBuildConfiguration;
			buildSettings = {
				ASSETCATALOG_COMPILER_APPICON_NAME = AppIcon;
				ASSETCATALOG_COMPILER_GLOBAL_ACCENT_COLOR_NAME = AccentColor;
				CODE_SIGN_ENTITLEMENTS = OpenPaste/OpenPaste.entitlements;
				CODE_SIGN_STYLE = Automatic;
				COMBINE_HIDPI_IMAGES = YES;
				CURRENT_PROJECT_VERSION = 1.1.2;
				DEVELOPMENT_TEAM = VGQU7EVXZV;
				ENABLE_APP_SANDBOX = YES;
				ENABLE_HARDENED_RUNTIME = YES;
				ENABLE_PREVIEWS = YES;
				ENABLE_USER_SELECTED_FILES = readonly;
				GENERATE_INFOPLIST_FILE = YES;
				INFOPLIST_FILE = OpenPaste/Info.plist;
				INFOPLIST_KEY_NSHumanReadableCopyright = "";
				LD_RUNPATH_SEARCH_PATHS = (
					"$(inherited)",
					"@executable_path/../Frameworks",
				);
				MARKETING_VERSION = 1.1.2;
				PRODUCT_BUNDLE_IDENTIFIER = dev.tuanle.OpenPaste;
				PRODUCT_NAME = "$(TARGET_NAME)";
				REGISTER_APP_GROUPS = YES;
				STRING_CATALOG_GENERATE_SYMBOLS = YES;
				SWIFT_APPROACHABLE_CONCURRENCY = YES;
				SWIFT_DEFAULT_ACTOR_ISOLATION = MainActor;
				SWIFT_EMIT_LOC_STRINGS = YES;
				SWIFT_UPCOMING_FEATURE_MEMBER_IMPORT_VISIBILITY = YES;
				SWIFT_VERSION = 5.0;
			};
			name = Release;
		};
		D0AC71442F7D0D180088575B /* Debug */ = {
			isa = XCBuildConfiguration;
			buildSettings = {
				BUNDLE_LOADER = "$(TEST_HOST)";
				CODE_SIGN_STYLE = Automatic;
				CURRENT_PROJECT_VERSION = 1.1.2;
				DEVELOPMENT_TEAM = VGQU7EVXZV;
				GENERATE_INFOPLIST_FILE = YES;
				MACOSX_DEPLOYMENT_TARGET = 15.0;
				MARKETING_VERSION = 1.1.2;
				PRODUCT_BUNDLE_IDENTIFIER = dev.tuanle.OpenPasteTests;
				PRODUCT_NAME = "$(TARGET_NAME)";
				STRING_CATALOG_GENERATE_SYMBOLS = NO;
				SWIFT_APPROACHABLE_CONCURRENCY = YES;
				SWIFT_EMIT_LOC_STRINGS = NO;
				SWIFT_UPCOMING_FEATURE_MEMBER_IMPORT_VISIBILITY = YES;
				SWIFT_VERSION = 5.0;
				TEST_HOST = "$(BUILT_PRODUCTS_DIR)/OpenPaste.app/$(BUNDLE_EXECUTABLE_FOLDER_PATH)/OpenPaste";
			};
			name = Debug;
		};
		D0AC71452F7D0D180088575B /* Release */ = {
			isa = XCBuildConfiguration;
			buildSettings = {
				BUNDLE_LOADER = "$(TEST_HOST)";
				CODE_SIGN_STYLE = Automatic;
				CURRENT_PROJECT_VERSION = 1.1.2;
				DEVELOPMENT_TEAM = VGQU7EVXZV;
				GENERATE_INFOPLIST_FILE = YES;
				MACOSX_DEPLOYMENT_TARGET = 15.0;
				MARKETING_VERSION = 1.1.2;
				PRODUCT_BUNDLE_IDENTIFIER = dev.tuanle.OpenPasteTests;
				PRODUCT_NAME = "$(TARGET_NAME)";
				STRING_CATALOG_GENERATE_SYMBOLS = NO;
				SWIFT_APPROACHABLE_CONCURRENCY = YES;
				SWIFT_EMIT_LOC_STRINGS = NO;
				SWIFT_UPCOMING_FEATURE_MEMBER_IMPORT_VISIBILITY = YES;
				SWIFT_VERSION = 5.0;
				TEST_HOST = "$(BUILT_PRODUCTS_DIR)/OpenPaste.app/$(BUNDLE_EXECUTABLE_FOLDER_PATH)/OpenPaste";
			};
			name = Release;
		};
		D0AC71472F7D0D180088575B /* Debug */ = {
			isa = XCBuildConfiguration;
			buildSettings = {
				CODE_SIGN_STYLE = Automatic;
				CURRENT_PROJECT_VERSION = 1.1.2;
				DEVELOPMENT_TEAM = VGQU7EVXZV;
				GENERATE_INFOPLIST_FILE = YES;
				MARKETING_VERSION = 1.1.2;
				PRODUCT_BUNDLE_IDENTIFIER = dev.tuanle.OpenPasteUITests;
				PRODUCT_NAME = "$(TARGET_NAME)";
				STRING_CATALOG_GENERATE_SYMBOLS = NO;
				SWIFT_APPROACHABLE_CONCURRENCY = YES;
				SWIFT_EMIT_LOC_STRINGS = NO;
				SWIFT_UPCOMING_FEATURE_MEMBER_IMPORT_VISIBILITY = YES;
				SWIFT_VERSION = 5.0;
				TEST_TARGET_NAME = OpenPaste;
			};
			name = Debug;
		};
		D0AC71482F7D0D180088575B /* Release */ = {
			isa = XCBuildConfiguration;
			buildSettings = {
				CODE_SIGN_STYLE = Automatic;
				CURRENT_PROJECT_VERSION = 1.1.2;
				DEVELOPMENT_TEAM = VGQU7EVXZV;
				GENERATE_INFOPLIST_FILE = YES;
				MARKETING_VERSION = 1.1.2;
				PRODUCT_BUNDLE_IDENTIFIER = dev.tuanle.OpenPasteUITests;
				PRODUCT_NAME = "$(TARGET_NAME)";
				STRING_CATALOG_GENERATE_SYMBOLS = NO;
				SWIFT_APPROACHABLE_CONCURRENCY = YES;
				SWIFT_EMIT_LOC_STRINGS = NO;
				SWIFT_UPCOMING_FEATURE_MEMBER_IMPORT_VISIBILITY = YES;
				SWIFT_VERSION = 5.0;
				TEST_TARGET_NAME = OpenPaste;
			};
			name = Release;
		};
/* End XCBuildConfiguration section */

/* Begin XCConfigurationList section */
		D0AC711A2F7D0D170088575B /* Build configuration list for PBXProject "OpenPaste" */ = {
			isa = XCConfigurationList;
			buildConfigurations = (
				D0AC713E2F7D0D180088575B /* Debug */,
				D0AC713F2F7D0D180088575B /* Release */,
			);
			defaultConfigurationIsVisible = 0;
			defaultConfigurationName = Release;
		};
		D0AC71402F7D0D180088575B /* Build configuration list for PBXNativeTarget "OpenPaste" */ = {
			isa = XCConfigurationList;
			buildConfigurations = (
				D0AC71412F7D0D180088575B /* Debug */,
				D0AC71422F7D0D180088575B /* Release */,
			);
			defaultConfigurationIsVisible = 0;
			defaultConfigurationName = Release;
		};
		D0AC71432F7D0D180088575B /* Build configuration list for PBXNativeTarget "OpenPasteTests" */ = {
			isa = XCConfigurationList;
			buildConfigurations = (
				D0AC71442F7D0D180088575B /* Debug */,
				D0AC71452F7D0D180088575B /* Release */,
			);
			defaultConfigurationIsVisible = 0;
			defaultConfigurationName = Release;
		};
		D0AC71462F7D0D180088575B /* Build configuration list for PBXNativeTarget "OpenPasteUITests" */ = {
			isa = XCConfigurationList;
			buildConfigurations = (
				D0AC71472F7D0D180088575B /* Debug */,
				D0AC71482F7D0D180088575B /* Release */,
			);
			defaultConfigurationIsVisible = 0;
			defaultConfigurationName = Release;
		};
/* End XCConfigurationList section */

/* Begin XCRemoteSwiftPackageReference section */
		A0AC00012F7D0D180088575B /* XCRemoteSwiftPackageReference "GRDB.swift" */ = {
			isa = XCRemoteSwiftPackageReference;
			repositoryURL = "https://github.com/groue/GRDB.swift.git";
			requirement = {
				kind = upToNextMajorVersion;
				minimumVersion = 7.0.0;
			};
		};
		D0AC71EE2F7D2A000088575B /* XCRemoteSwiftPackageReference "Sparkle" */ = {
			isa = XCRemoteSwiftPackageReference;
			repositoryURL = "https://github.com/sparkle-project/Sparkle";
			requirement = {
				kind = upToNextMajorVersion;
				minimumVersion = 2.0.0;
			};
		};
/* End XCRemoteSwiftPackageReference section */

/* Begin XCSwiftPackageProductDependency section */
		A0AC00022F7D0D180088575B /* GRDB */ = {
			isa = XCSwiftPackageProductDependency;
			package = A0AC00012F7D0D180088575B /* XCRemoteSwiftPackageReference "GRDB.swift" */;
			productName = GRDB;
		};
		D0AC71EF2F7D2A000088575B /* Sparkle */ = {
			isa = XCSwiftPackageProductDependency;
			package = D0AC71EE2F7D2A000088575B /* XCRemoteSwiftPackageReference "Sparkle" */;
			productName = Sparkle;
		};
/* End XCSwiftPackageProductDependency section */
	};
	rootObject = D0AC71172F7D0D170088575B /* Project object */;
}
